// !$*UTF8*$!
{
	archiveVersion = 1;
	classes = {
	};
	objectVersion = 77;
	objects = {

/* Begin PBXContainerItemProxy section */
		01209D142E77177D0055AD5C /* PBXContainerItemProxy */ = {
			isa = PBXContainerItemProxy;
			containerPortal = 01209CF52E77177C0055AD5C /* Project object */;
			proxyType = 1;
			remoteGlobalIDString = 01209CFC2E77177C0055AD5C;
			remoteInfo = "Swipe-A-Cat";
		};
		01209D1E2E77177D0055AD5C /* PBXContainerItemProxy */ = {
			isa = PBXContainerItemProxy;
			containerPortal = 01209CF52E77177C0055AD5C /* Project object */;
			proxyType = 1;
			remoteGlobalIDString = 01209CFC2E77177C0055AD5C;
			remoteInfo = "Swipe-A-Cat";
		};
/* End PBXContainerItemProxy section */

/* Begin PBXFileReference section */
		01209CFD2E77177C0055AD5C /* Swipe-A-Cat.app */ = {isa = PBXFileReference; explicitFileType = wrapper.application; includeInIndex = 0; path = "Swipe-A-Cat.app"; sourceTree = BUILT_PRODUCTS_DIR; };
		01209D132E77177D0055AD5C /* Swipe-A-CatTests.xctest */ = {isa = PBXFileReference; explicitFileType = wrapper.cfbundle; includeInIndex = 0; path = "Swipe-A-CatTests.xctest"; sourceTree = BUILT_PRODUCTS_DIR; };
		01209D1D2E77177D0055AD5C /* Swipe-A-CatUITests.xctest */ = {isa = PBXFileReference; explicitFileType = wrapper.cfbundle; includeInIndex = 0; path = "Swipe-A-CatUITests.xctest"; sourceTree = BUILT_PRODUCTS_DIR; };
/* End PBXFileReference section */

/* Begin PBXFileSystemSynchronizedBuildFileExceptionSet section */
		01209D252E77177D0055AD5C /* Exceptions for "Swipe-A-Cat" folder in "Swipe-A-Cat" target */ = {
			isa = PBXFileSystemSynchronizedBuildFileExceptionSet;
			membershipExceptions = (
				Info.plist,
			);
			target = 01209CFC2E77177C0055AD5C /* Swipe-A-Cat */;
		};
/* End PBXFileSystemSynchronizedBuildFileExceptionSet section */

/* Begin PBXFileSystemSynchronizedRootGroup section */
		01209CFF2E77177C0055AD5C /* Swipe-A-Cat */ = {
			isa = PBXFileSystemSynchronizedRootGroup;
			exceptions = (
				01209D252E77177D0055AD5C /* Exceptions for "Swipe-A-Cat" folder in "Swipe-A-Cat" target */,
			);
			path = "Swipe-A-Cat";
			sourceTree = "<group>";
		};
		01209D162E77177D0055AD5C /* Swipe-A-CatTests */ = {
			isa = PBXFileSystemSynchronizedRootGroup;
			path = "Swipe-A-CatTests";
			sourceTree = "<group>";
		};
		01209D202E77177D0055AD5C /* Swipe-A-CatUITests */ = {
			isa = PBXFileSystemSynchronizedRootGroup;
			path = "Swipe-A-CatUITests";
			sourceTree = "<group>";
		};
/* End PBXFileSystemSynchronizedRootGroup section */

/* Begin PBXFrameworksBuildPhase section */
		01209CFA2E77177C0055AD5C /* Frameworks */ = {
			isa = PBXFrameworksBuildPhase;
			buildActionMask = 2147483647;
			files = (
			);
			runOnlyForDeploymentPostprocessing = 0;
		};
		01209D102E77177D0055AD5C /* Frameworks */ = {
			isa = PBXFrameworksBuildPhase;
			buildActionMask = 2147483647;
			files = (
			);
			runOnlyForDeploymentPostprocessing = 0;
		};
		01209D1A2E77177D0055AD5C /* Frameworks */ = {
			isa = PBXFrameworksBuildPhase;
			buildActionMask = 2147483647;
			files = (
			);
			runOnlyForDeploymentPostprocessing = 0;
		};
/* End PBXFrameworksBuildPhase section */

/* Begin PBXGroup section */
		01209CF42E77177C0055AD5C = {
			isa = PBXGroup;
			children = (
				01209CFF2E77177C0055AD5C /* Swipe-A-Cat */,
				01209D162E77177D0055AD5C /* Swipe-A-CatTests */,
				01209D202E77177D0055AD5C /* Swipe-A-CatUITests */,
				01209CFE2E77177C0055AD5C /* Products */,
			);
			sourceTree = "<group>";
		};
		01209CFE2E77177C0055AD5C /* Products */ = {
			isa = PBXGroup;
			children = (
				01209CFD2E77177C0055AD5C /* Swipe-A-Cat.app */,
				01209D132E77177D0055AD5C /* Swipe-A-CatTests.xctest */,
				01209D1D2E77177D0055AD5C /* Swipe-A-CatUITests.xctest */,
			);
			name = Products;
			sourceTree = "<group>";
		};
/* End PBXGroup section */

/* Begin PBXNativeTarget section */
		01209CFC2E77177C0055AD5C /* Swipe-A-Cat */ = {
			isa = PBXNativeTarget;
			buildConfigurationList = 01209D262E77177D0055AD5C /* Build configuration list for PBXNativeTarget "Swipe-A-Cat" */;
			buildPhases = (
				01209CF92E77177C0055AD5C /* Sources */,
				01209CFA2E77177C0055AD5C /* Frameworks */,
				01209CFB2E77177C0055AD5C /* Resources */,
			);
			buildRules = (
			);
			dependencies = (
			);
			fileSystemSynchronizedGroups = (
				01209CFF2E77177C0055AD5C /* Swipe-A-Cat */,
			);
			name = "Swipe-A-Cat";
			packageProductDependencies = (
			);
			productName = "Swipe-A-Cat";
			productReference = 01209CFD2E77177C0055AD5C /* Swipe-A-Cat.app */;
			productType = "com.apple.product-type.application";
		};
		01209D122E77177D0055AD5C /* Swipe-A-CatTests */ = {
			isa = PBXNativeTarget;
			buildConfigurationList = 01209D2B2E77177D0055AD5C /* Build configuration list for PBXNativeTarget "Swipe-A-CatTests" */;
			buildPhases = (
				01209D0F2E77177D0055AD5C /* Sources */,
				01209D102E77177D0055AD5C /* Frameworks */,
				01209D112E77177D0055AD5C /* Resources */,
			);
			buildRules = (
			);
			dependencies = (
				01209D152E77177D0055AD5C /* PBXTargetDependency */,
			);
			fileSystemSynchronizedGroups = (
				01209D162E77177D0055AD5C /* Swipe-A-CatTests */,
			);
			name = "Swipe-A-CatTests";
			packageProductDependencies = (
			);
			productName = "Swipe-A-CatTests";
			productReference = 01209D132E77177D0055AD5C /* Swipe-A-CatTests.xctest */;
			productType = "com.apple.product-type.bundle.unit-test";
		};
		01209D1C2E77177D0055AD5C /* Swipe-A-CatUITests */ = {
			isa = PBXNativeTarget;
			buildConfigurationList = 01209D2E2E77177D0055AD5C /* Build configuration list for PBXNativeTarget "Swipe-A-CatUITests" */;
			buildPhases = (
				01209D192E77177D0055AD5C /* Sources */,
				01209D1A2E77177D0055AD5C /* Frameworks */,
				01209D1B2E77177D0055AD5C /* Resources */,
			);
			buildRules = (
			);
			dependencies = (
				01209D1F2E77177D0055AD5C /* PBXTargetDependency */,
			);
			fileSystemSynchronizedGroups = (
				01209D202E77177D0055AD5C /* Swipe-A-CatUITests */,
			);
			name = "Swipe-A-CatUITests";
			packageProductDependencies = (
			);
			productName = "Swipe-A-CatUITests";
			productReference = 01209D1D2E77177D0055AD5C /* Swipe-A-CatUITests.xctest */;
			productType = "com.apple.product-type.bundle.ui-testing";
		};
/* End PBXNativeTarget section */

/* Begin PBXProject section */
		01209CF52E77177C0055AD5C /* Project object */ = {
			isa = PBXProject;
			attributes = {
				BuildIndependentTargetsInParallel = 1;
				LastSwiftUpdateCheck = 1640;
				LastUpgradeCheck = 1640;
				TargetAttributes = {
					01209CFC2E77177C0055AD5C = {
						CreatedOnToolsVersion = 16.4;
					};
					01209D122E77177D0055AD5C = {
						CreatedOnToolsVersion = 16.4;
						TestTargetID = 01209CFC2E77177C0055AD5C;
					};
					01209D1C2E77177D0055AD5C = {
						CreatedOnToolsVersion = 16.4;
						TestTargetID = 01209CFC2E77177C0055AD5C;
					};
				};
			};
			buildConfigurationList = 01209CF82E77177C0055AD5C /* Build configuration list for PBXProject "Swipe-A-Cat" */;
			developmentRegion = en;
			hasScannedForEncodings = 0;
			knownRegions = (
				en,
				Base,
			);
			mainGroup = 01209CF42E77177C0055AD5C;
			minimizedProjectReferenceProxies = 1;
			preferredProjectObjectVersion = 77;
			productRefGroup = 01209CFE2E77177C0055AD5C /* Products */;
			projectDirPath = "";
			projectRoot = "";
			targets = (
				01209CFC2E77177C0055AD5C /* Swipe-A-Cat */,
				01209D122E77177D0055AD5C /* Swipe-A-CatTests */,
				01209D1C2E77177D0055AD5C /* Swipe-A-CatUITests */,
			);
		};
/* End PBXProject section */

/* Begin PBXResourcesBuildPhase section */
		01209CFB2E77177C0055AD5C /* Resources */ = {
			isa = PBXResourcesBuildPhase;
			buildActionMask = 2147483647;
			files = (
			);
			runOnlyForDeploymentPostprocessing = 0;
		};
		01209D112E77177D0055AD5C /* Resources */ = {
			isa = PBXResourcesBuildPhase;
			buildActionMask = 2147483647;
			files = (
			);
			runOnlyForDeploymentPostprocessing = 0;
		};
		01209D1B2E77177D0055AD5C /* Resources */ = {
			isa = PBXResourcesBuildPhase;
			buildActionMask = 2147483647;
			files = (
			);
			runOnlyForDeploymentPostprocessing = 0;
		};
/* End PBXResourcesBuildPhase section */

/* Begin PBXSourcesBuildPhase section */
		01209CF92E77177C0055AD5C /* Sources */ = {
			isa = PBXSourcesBuildPhase;
			buildActionMask = 2147483647;
			files = (
			);
			runOnlyForDeploymentPostprocessing = 0;
		};
		01209D0F2E77177D0055AD5C /* Sources */ = {
			isa = PBXSourcesBuildPhase;
			buildActionMask = 2147483647;
			files = (
			);
			runOnlyForDeploymentPostprocessing = 0;
		};
		01209D192E77177D0055AD5C /* Sources */ = {
			isa = PBXSourcesBuildPhase;
			buildActionMask = 2147483647;
			files = (
			);
			runOnlyForDeploymentPostprocessing = 0;
		};
/* End PBXSourcesBuildPhase section */

/* Begin PBXTargetDependency section */
		01209D152E77177D0055AD5C /* PBXTargetDependency */ = {
			isa = PBXTargetDependency;
			target = 01209CFC2E77177C0055AD5C /* Swipe-A-Cat */;
			targetProxy = 01209D142E77177D0055AD5C /* PBXContainerItemProxy */;
		};
		01209D1F2E77177D0055AD5C /* PBXTargetDependency */ = {
			isa = PBXTargetDependency;
			target = 01209CFC2E77177C0055AD5C /* Swipe-A-Cat */;
			targetProxy = 01209D1E2E77177D0055AD5C /* PBXContainerItemProxy */;
		};
/* End PBXTargetDependency section */

/* Begin XCBuildConfiguration section */
		01209D272E77177D0055AD5C /* Debug */ = {
			isa = XCBuildConfiguration;
			buildSettings = {
				ASSETCATALOG_COMPILER_APPICON_NAME = AppIcon;
				ASSETCATALOG_COMPILER_GLOBAL_ACCENT_COLOR_NAME = AccentColor;
				CODE_SIGN_STYLE = Automatic;
				CURRENT_PROJECT_VERSION = 1;
				DEVELOPMENT_TEAM = B88JT8F36X;
				GENERATE_INFOPLIST_FILE = YES;
				INFOPLIST_FILE = "Swipe-A-Cat/Info.plist";
				INFOPLIST_KEY_UIApplicationSupportsIndirectInputEvents = YES;
				INFOPLIST_KEY_UILaunchStoryboardName = LaunchScreen;
				INFOPLIST_KEY_UIMainStoryboardFile = Main;
				INFOPLIST_KEY_UISupportedInterfaceOrientations_iPad = "UIInterfaceOrientationPortrait UIInterfaceOrientationPortraitUpsideDown UIInterfaceOrientationLandscapeLeft UIInterfaceOrientationLandscapeRight";
				INFOPLIST_KEY_UISupportedInterfaceOrientations_iPhone = "UIInterfaceOrientationPortrait UIInterfaceOrientationLandscapeLeft UIInterfaceOrientationLandscapeRight";
				LD_RUNPATH_SEARCH_PATHS = (
					"$(inherited)",
					"@executable_path/Frameworks",
				);
				MARKETING_VERSION = 1.0;
				PRODUCT_BUNDLE_IDENTIFIER = "com.a1isyed.Swipe-A-Cat-UIKit";
				PRODUCT_NAME = "$(TARGET_NAME)";
				SWIFT_EMIT_LOC_STRINGS = YES;
				SWIFT_VERSION = 5.0;
				TARGETED_DEVICE_FAMILY = "1,2";
			};
			name = Debug;
		};
		01209D282E77177D0055AD5C /* Release */ = {
			isa = XCBuildConfiguration;
			buildSettings = {
				ASSETCATALOG_COMPILER_APPICON_NAME = AppIcon;
				ASSETCATALOG_COMPILER_GLOBAL_ACCENT_COLOR_NAME = AccentColor;
				CODE_SIGN_STYLE = Automatic;
				CURRENT_PROJECT_VERSION = 1;
				DEVELOPMENT_TEAM = B88JT8F36X;
				GENERATE_INFOPLIST_FILE = YES;
				INFOPLIST_FILE = "Swipe-A-Cat/Info.plist";
				INFOPLIST_KEY_UIApplicationSupportsIndirectInputEvents = YES;
				INFOPLIST_KEY_UILaunchStoryboardName = LaunchScreen;
				INFOPLIST_KEY_UIMainStoryboardFile = Main;
				INFOPLIST_KEY_UISupportedInterfaceOrientations_iPad = "UIInterfaceOrientationPortrait UIInterfaceOrientationPortraitUpsideDown UIInterfaceOrientationLandscapeLeft UIInterfaceOrientationLandscapeRight";
				INFOPLIST_KEY_UISupportedInterfaceOrientations_iPhone = "UIInterfaceOrientationPortrait UIInterfaceOrientationLandscapeLeft UIInterfaceOrientationLandscapeRight";
				LD_RUNPATH_SEARCH_PATHS = (
					"$(inherited)",
					"@executable_path/Frameworks",
				);
				MARKETING_VERSION = 1.0;
				PRODUCT_BUNDLE_IDENTIFIER = "com.a1isyed.Swipe-A-Cat-UIKit";
				PRODUCT_NAME = "$(TARGET_NAME)";
				SWIFT_EMIT_LOC_STRINGS = YES;
				SWIFT_VERSION = 5.0;
				TARGETED_DEVICE_FAMILY = "1,2";
			};
			name = Release;
		};
		01209D292E77177D0055AD5C /* Debug */ = {
			isa = XCBuildConfiguration;
			buildSettings = {
				ALWAYS_SEARCH_USER_PATHS = NO;
				ASSETCATALOG_COMPILER_GENERATE_SWIFT_ASSET_SYMBOL_EXTENSIONS = YES;
				CLANG_ANALYZER_NONNULL = YES;
				CLANG_ANALYZER_NUMBER_OBJECT_CONVERSION = YES_AGGRESSIVE;
				CLANG_CXX_LANGUAGE_STANDARD = "gnu++20";
				CLANG_ENABLE_MODULES = YES;
				CLANG_ENABLE_OBJC_ARC = YES;
				CLANG_ENABLE_OBJC_WEAK = YES;
				CLANG_WARN_BLOCK_CAPTURE_AUTORELEASING = YES;
				CLANG_WARN_BOOL_CONVERSION = YES;
				CLANG_WARN_COMMA = YES;
				CLANG_WARN_CONSTANT_CONVERSION = YES;
				CLANG_WARN_DEPRECATED_OBJC_IMPLEMENTATIONS = YES;
				CLANG_WARN_DIRECT_OBJC_ISA_USAGE = YES_ERROR;
				CLANG_WARN_DOCUMENTATION_COMMENTS = YES;
				CLANG_WARN_EMPTY_BODY = YES;
				CLANG_WARN_ENUM_CONVERSION = YES;
				CLANG_WARN_INFINITE_RECURSION = YES;
				CLANG_WARN_INT_CONVERSION = YES;
				CLANG_WARN_NON_LITERAL_NULL_CONVERSION = YES;
				CLANG_WARN_OBJC_IMPLICIT_RETAIN_SELF = YES;
				CLANG_WARN_OBJC_LITERAL_CONVERSION = YES;
				CLANG_WARN_OBJC_ROOT_CLASS = YES_ERROR;
				CLANG_WARN_QUOTED_INCLUDE_IN_FRAMEWORK_HEADER = YES;
				CLANG_WARN_RANGE_LOOP_ANALYSIS = YES;
				CLANG_WARN_STRICT_PROTOTYPES = YES;
				CLANG_WARN_SUSPICIOUS_MOVE = YES;
				CLANG_WARN_UNGUARDED_AVAILABILITY = YES_AGGRESSIVE;
				CLANG_WARN_UNREACHABLE_CODE = YES;
				CLANG_WARN__DUPLICATE_METHOD_MATCH = YES;
				COPY_PHASE_STRIP = NO;
				DEBUG_INFORMATION_FORMAT = dwarf;
				DEVELOPMENT_TEAM = B88JT8F36X;
				ENABLE_STRICT_OBJC_MSGSEND = YES;
				ENABLE_TESTABILITY = YES;
				ENABLE_USER_SCRIPT_SANDBOXING = YES;
				GCC_C_LANGUAGE_STANDARD = gnu17;
				GCC_DYNAMIC_NO_PIC = NO;
				GCC_NO_COMMON_BLOCKS = YES;
				GCC_OPTIMIZATION_LEVEL = 0;
				GCC_PREPROCESSOR_DEFINITIONS = (
					"DEBUG=1",
					"$(inherited)",
				);
				GCC_WARN_64_TO_32_BIT_CONVERSION = YES;
				GCC_WARN_ABOUT_RETURN_TYPE = YES_ERROR;
				GCC_WARN_UNDECLARED_SELECTOR = YES;
				GCC_WARN_UNINITIALIZED_AUTOS = YES_AGGRESSIVE;
				GCC_WARN_UNUSED_FUNCTION = YES;
				GCC_WARN_UNUSED_VARIABLE = YES;
				IPHONEOS_DEPLOYMENT_TARGET = 18.5;
				LOCALIZATION_PREFERS_STRING_CATALOGS = YES;
				MTL_ENABLE_DEBUG_INFO = INCLUDE_SOURCE;
				MTL_FAST_MATH = YES;
				ONLY_ACTIVE_ARCH = YES;
				SDKROOT = iphoneos;
				SWIFT_ACTIVE_COMPILATION_CONDITIONS = "DEBUG $(inherited)";
				SWIFT_OPTIMIZATION_LEVEL = "-Onone";
			};
			name = Debug;
		};
		01209D2A2E77177D0055AD5C /* Release */ = {
			isa = XCBuildConfiguration;
			buildSettings = {
				ALWAYS_SEARCH_USER_PATHS = NO;
				ASSETCATALOG_COMPILER_GENERATE_SWIFT_ASSET_SYMBOL_EXTENSIONS = YES;
				CLANG_ANALYZER_NONNULL = YES;
				CLANG_ANALYZER_NUMBER_OBJECT_CONVERSION = YES_AGGRESSIVE;
				CLANG_CXX_LANGUAGE_STANDARD = "gnu++20";
				CLANG_ENABLE_MODULES = YES;
				CLANG_ENABLE_OBJC_ARC = YES;
				CLANG_ENABLE_OBJC_WEAK = YES;
				CLANG_WARN_BLOCK_CAPTURE_AUTORELEASING = YES;
				CLANG_WARN_BOOL_CONVERSION = YES;
				CLANG_WARN_COMMA = YES;
				CLANG_WARN_CONSTANT_CONVERSION = YES;
				CLANG_WARN_DEPRECATED_OBJC_IMPLEMENTATIONS = YES;
				CLANG_WARN_DIRECT_OBJC_ISA_USAGE = YES_ERROR;
				CLANG_WARN_DOCUMENTATION_COMMENTS = YES;
				CLANG_WARN_EMPTY_BODY = YES;
				CLANG_WARN_ENUM_CONVERSION = YES;
				CLANG_WARN_INFINITE_RECURSION = YES;
				CLANG_WARN_INT_CONVERSION = YES;
				CLANG_WARN_NON_LITERAL_NULL_CONVERSION = YES;
				CLANG_WARN_OBJC_IMPLICIT_RETAIN_SELF = YES;
				CLANG_WARN_OBJC_LITERAL_CONVERSION = YES;
				CLANG_WARN_OBJC_ROOT_CLASS = YES_ERROR;
				CLANG_WARN_QUOTED_INCLUDE_IN_FRAMEWORK_HEADER = YES;
				CLANG_WARN_RANGE_LOOP_ANALYSIS = YES;
				CLANG_WARN_STRICT_PROTOTYPES = YES;
				CLANG_WARN_SUSPICIOUS_MOVE = YES;
				CLANG_WARN_UNGUARDED_AVAILABILITY = YES_AGGRESSIVE;
				CLANG_WARN_UNREACHABLE_CODE = YES;
				CLANG_WARN__DUPLICATE_METHOD_MATCH = YES;
				COPY_PHASE_STRIP = NO;
				DEBUG_INFORMATION_FORMAT = "dwarf-with-dsym";
				DEVELOPMENT_TEAM = B88JT8F36X;
				ENABLE_NS_ASSERTIONS = NO;
				ENABLE_STRICT_OBJC_MSGSEND = YES;
				ENABLE_USER_SCRIPT_SANDBOXING = YES;
				GCC_C_LANGUAGE_STANDARD = gnu17;
				GCC_NO_COMMON_BLOCKS = YES;
				GCC_WARN_64_TO_32_BIT_CONVERSION = YES;
				GCC_WARN_ABOUT_RETURN_TYPE = YES_ERROR;
				GCC_WARN_UNDECLARED_SELECTOR = YES;
				GCC_WARN_UNINITIALIZED_AUTOS = YES_AGGRESSIVE;
				GCC_WARN_UNUSED_FUNCTION = YES;
				GCC_WARN_UNUSED_VARIABLE = YES;
				IPHONEOS_DEPLOYMENT_TARGET = 18.5;
				LOCALIZATION_PREFERS_STRING_CATALOGS = YES;
				MTL_ENABLE_DEBUG_INFO = NO;
				MTL_FAST_MATH = YES;
				SDKROOT = iphoneos;
				SWIFT_COMPILATION_MODE = wholemodule;
				VALIDATE_PRODUCT = YES;
			};
			name = Release;
		};
		01209D2C2E77177D0055AD5C /* Debug */ = {
			isa = XCBuildConfiguration;
			buildSettings = {
				BUNDLE_LOADER = "$(TEST_HOST)";
				CODE_SIGN_STYLE = Automatic;
				CURRENT_PROJECT_VERSION = 1;
				DEVELOPMENT_TEAM = B88JT8F36X;
				GENERATE_INFOPLIST_FILE = YES;
				IPHONEOS_DEPLOYMENT_TARGET = 18.5;
				MARKETING_VERSION = 1.0;
				PRODUCT_BUNDLE_IDENTIFIER = "com.a1isyed.Swipe-A-CatTests";
				PRODUCT_NAME = "$(TARGET_NAME)";
				SWIFT_EMIT_LOC_STRINGS = NO;
				SWIFT_VERSION = 5.0;
				TARGETED_DEVICE_FAMILY = "1,2";
				TEST_HOST = "$(BUILT_PRODUCTS_DIR)/Swipe-A-Cat.app/$(BUNDLE_EXECUTABLE_FOLDER_PATH)/Swipe-A-Cat";
			};
			name = Debug;
		};
		01209D2D2E77177D0055AD5C /* Release */ = {
			isa = XCBuildConfiguration;
			buildSettings = {
				BUNDLE_LOADER = "$(TEST_HOST)";
				CODE_SIGN_STYLE = Automatic;
				CURRENT_PROJECT_VERSION = 1;
				DEVELOPMENT_TEAM = B88JT8F36X;
				GENERATE_INFOPLIST_FILE = YES;
				IPHONEOS_DEPLOYMENT_TARGET = 18.5;
				MARKETING_VERSION = 1.0;
				PRODUCT_BUNDLE_IDENTIFIER = "com.a1isyed.Swipe-A-CatTests";
				PRODUCT_NAME = "$(TARGET_NAME)";
				SWIFT_EMIT_LOC_STRINGS = NO;
				SWIFT_VERSION = 5.0;
				TARGETED_DEVICE_FAMILY = "1,2";
				TEST_HOST = "$(BUILT_PRODUCTS_DIR)/Swipe-A-Cat.app/$(BUNDLE_EXECUTABLE_FOLDER_PATH)/Swipe-A-Cat";
			};
			name = Release;
		};
		01209D2F2E77177D0055AD5C /* Debug */ = {
			isa = XCBuildConfiguration;
			buildSettings = {
				CODE_SIGN_STYLE = Automatic;
				CURRENT_PROJECT_VERSION = 1;
				DEVELOPMENT_TEAM = B88JT8F36X;
				GENERATE_INFOPLIST_FILE = YES;
				MARKETING_VERSION = 1.0;
				PRODUCT_BUNDLE_IDENTIFIER = "com.a1isyed.Swipe-A-CatUITests";
				PRODUCT_NAME = "$(TARGET_NAME)";
				SWIFT_EMIT_LOC_STRINGS = NO;
				SWIFT_VERSION = 5.0;
				TARGETED_DEVICE_FAMILY = "1,2";
				TEST_TARGET_NAME = "Swipe-A-Cat";
			};
			name = Debug;
		};
		01209D302E77177D0055AD5C /* Release */ = {
			isa = XCBuildConfiguration;
			buildSettings = {
				CODE_SIGN_STYLE = Automatic;
				CURRENT_PROJECT_VERSION = 1;
				DEVELOPMENT_TEAM = B88JT8F36X;
				GENERATE_INFOPLIST_FILE = YES;
				MARKETING_VERSION = 1.0;
				PRODUCT_BUNDLE_IDENTIFIER = "com.a1isyed.Swipe-A-CatUITests";
				PRODUCT_NAME = "$(TARGET_NAME)";
				SWIFT_EMIT_LOC_STRINGS = NO;
				SWIFT_VERSION = 5.0;
				TARGETED_DEVICE_FAMILY = "1,2";
				TEST_TARGET_NAME = "Swipe-A-Cat";
			};
			name = Release;
		};
/* End XCBuildConfiguration section */

/* Begin XCConfigurationList section */
		01209CF82E77177C0055AD5C /* Build configuration list for PBXProject "Swipe-A-Cat" */ = {
			isa = XCConfigurationList;
			buildConfigurations = (
				01209D292E77177D0055AD5C /* Debug */,
				01209D2A2E77177D0055AD5C /* Release */,
			);
			defaultConfigurationIsVisible = 0;
			defaultConfigurationName = Release;
		};
		01209D262E77177D0055AD5C /* Build configuration list for PBXNativeTarget "Swipe-A-Cat" */ = {
			isa = XCConfigurationList;
			buildConfigurations = (
				01209D272E77177D0055AD5C /* Debug */,
				01209D282E77177D0055AD5C /* Release */,
			);
			defaultConfigurationIsVisible = 0;
			defaultConfigurationName = Release;
		};
		01209D2B2E77177D0055AD5C /* Build configuration list for PBXNativeTarget "Swipe-A-CatTests" */ = {
			isa = XCConfigurationList;
			buildConfigurations = (
				01209D2C2E77177D0055AD5C /* Debug */,
				01209D2D2E77177D0055AD5C /* Release */,
			);
			defaultConfigurationIsVisible = 0;
			defaultConfigurationName = Release;
		};
		01209D2E2E77177D0055AD5C /* Build configuration list for PBXNativeTarget "Swipe-A-CatUITests" */ = {
			isa = XCConfigurationList;
			buildConfigurations = (
				01209D2F2E77177D0055AD5C /* Debug */,
				01209D302E77177D0055AD5C /* Release */,
			);
			defaultConfigurationIsVisible = 0;
			defaultConfigurationName = Release;
		};
/* End XCConfigurationList section */
	};
	rootObject = 01209CF52E77177C0055AD5C /* Project object */;
}
